
Microsoft Visual Studio Solution File, Format Version 12.00
# Visual Studio Version 17
VisualStudioVersion = 17.14.36616.10 d17.14
MinimumVisualStudioVersion = 10.0.40219.1
Project("{FAE04EC0-301F-11D3-BF4B-00C04F79EFBC}") = "HouseExercise", "HouseExercise\HouseExercise.csproj", "{EDF3B40B-86D8-490E-959E-28C221266ED8}"
EndProject
Global
	GlobalSection(SolutionConfigurationPlatforms) = preSolution
		Debug|Any CPU = Debug|Any CPU
		Release|Any CPU = Release|Any CPU
	EndGlobalSection
	GlobalSection(ProjectConfigurationPlatforms) = postSolution
		{EDF3B40B-86D8-490E-959E-28C221266ED8}.Debug|Any CPU.ActiveCfg = Debug|Any CPU
		{EDF3B40B-86D8-490E-959E-28C221266ED8}.Debug|Any CPU.Build.0 = Debug|Any CPU
		{EDF3B40B-86D8-490E-959E-28C221266ED8}.Release|Any CPU.ActiveCfg = Release|Any CPU
		{EDF3B40B-86D8-490E-959E-28C221266ED8}.Release|Any CPU.Build.0 = Release|Any CPU
	EndGlobalSection
	GlobalSection(SolutionProperties) = preSolution
		HideSolutionNode = FALSE
	EndGlobalSection
	GlobalSection(ExtensibilityGlobals) = postSolution
		SolutionGuid = {1FC37196-2612-4B41-9CE5-AF432A9AFDE0}
	EndGlobalSection
EndGlobal
